
Microsoft Visual Studio Solution File, Format Version 12.00
# Visual Studio Version 16
VisualStudioVersion = 16.0.34031.81
MinimumVisualStudioVersion = 10.0.40219.1
Project("{8BC9CEB8-8B4A-11D0-8D11-00A0C91BC942}") = "lab7.3it", "lab7.3it\lab7.3it.vcxproj", "{36BDEEEF-CAB9-40BB-9567-F249B0E6494A}"
EndProject
Project("{8BC9CEB8-8B4A-11D0-8D11-00A0C91BC942}") = "UnitTest7,3іт", "UnitTest7,3іт\UnitTest7,3іт.vcxproj", "{F2C39B2B-662D-4DD6-AE94-4AB3B1A75965}"
EndProject
Global
	GlobalSection(SolutionConfigurationPlatforms) = preSolution
		Debug|x64 = Debug|x64
		Debug|x86 = Debug|x86
		Release|x64 = Release|x64
		Release|x86 = Release|x86
	EndGlobalSection
	GlobalSection(ProjectConfigurationPlatforms) = postSolution
		{36BDEEEF-CAB9-40BB-9567-F249B0E6494A}.Debug|x64.ActiveCfg = Debug|x64
		{36BDEEEF-CAB9-40BB-9567-F249B0E6494A}.Debug|x64.Build.0 = Debug|x64
		{36BDEEEF-CAB9-40BB-9567-F249B0E6494A}.Debug|x86.ActiveCfg = Debug|Win32
		{36BDEEEF-CAB9-40BB-9567-F249B0E6494A}.Debug|x86.Build.0 = Debug|Win32
		{36BDEEEF-CAB9-40BB-9567-F249B0E6494A}.Release|x64.ActiveCfg = Release|x64
		{36BDEEEF-CAB9-40BB-9567-F249B0E6494A}.Release|x64.Build.0 = Release|x64
		{36BDEEEF-CAB9-40BB-9567-F249B0E6494A}.Release|x86.ActiveCfg = Release|Win32
		{36BDEEEF-CAB9-40BB-9567-F249B0E6494A}.Release|x86.Build.0 = Release|Win32
		{F2C39B2B-662D-4DD6-AE94-4AB3B1A75965}.Debug|x64.ActiveCfg = Debug|x64
		{F2C39B2B-662D-4DD6-AE94-4AB3B1A75965}.Debug|x64.Build.0 = Debug|x64
		{F2C39B2B-662D-4DD6-AE94-4AB3B1A75965}.Debug|x86.ActiveCfg = Debug|Win32
		{F2C39B2B-662D-4DD6-AE94-4AB3B1A75965}.Debug|x86.Build.0 = Debug|Win32
		{F2C39B2B-662D-4DD6-AE94-4AB3B1A75965}.Release|x64.ActiveCfg = Release|x64
		{F2C39B2B-662D-4DD6-AE94-4AB3B1A75965}.Release|x64.Build.0 = Release|x64
		{F2C39B2B-662D-4DD6-AE94-4AB3B1A75965}.Release|x86.ActiveCfg = Release|Win32
		{F2C39B2B-662D-4DD6-AE94-4AB3B1A75965}.Release|x86.Build.0 = Release|Win32
	EndGlobalSection
	GlobalSection(SolutionProperties) = preSolution
		HideSolutionNode = FALSE
	EndGlobalSection
	GlobalSection(ExtensibilityGlobals) = postSolution
		SolutionGuid = {120B990D-4EDD-4044-97A4-ECFA481DC184}
	EndGlobalSection
EndGlobal
